
Microsoft Visual Studio Solution File, Format Version 12.00
# Visual Studio 15
VisualStudioVersion = 15.0.28307.168
MinimumVisualStudioVersion = 10.0.40219.1
Project("{FAE04EC0-301F-11D3-BF4B-00C04F79EFBC}") = "BankingApplication.Web", "BankingApplication\BankingApplication.Web.csproj", "{204226A5-83D9-49E2-A6EC-24139A45C86D}"
EndProject
Project("{FAE04EC0-301F-11D3-BF4B-00C04F79EFBC}") = "BankingUseCases", "BankingUseCases\BankingUseCases.csproj", "{1F672748-A6F0-4B47-A1F0-CC582FB36580}"
EndProject
Project("{FAE04EC0-301F-11D3-BF4B-00C04F79EFBC}") = "BankingApplication.Test", "BankingApplication.Test\BankingApplication.Test.csproj", "{1E245FAB-9E61-47BD-95F7-1C461576F036}"
EndProject
Project("{FAE04EC0-301F-11D3-BF4B-00C04F79EFBC}") = "BankingDomain", "Domain\BankingDomain.csproj", "{058A78CD-A9BA-4175-93CF-A6F552B7E794}"
EndProject
Project("{FAE04EC0-301F-11D3-BF4B-00C04F79EFBC}") = "BankingUseCaseBoundary", "BankingUseCaseBoundary\BankingUseCaseBoundary.csproj", "{ADE7C1BF-F868-4422-A289-C1028DBF3FA5}"
EndProject
Global
	GlobalSection(SolutionConfigurationPlatforms) = preSolution
		Debug|Any CPU = Debug|Any CPU
		Release|Any CPU = Release|Any CPU
	EndGlobalSection
	GlobalSection(ProjectConfigurationPlatforms) = postSolution
		{204226A5-83D9-49E2-A6EC-24139A45C86D}.Debug|Any CPU.ActiveCfg = Debug|Any CPU
		{204226A5-83D9-49E2-A6EC-24139A45C86D}.Debug|Any CPU.Build.0 = Debug|Any CPU
		{204226A5-83D9-49E2-A6EC-24139A45C86D}.Release|Any CPU.ActiveCfg = Release|Any CPU
		{204226A5-83D9-49E2-A6EC-24139A45C86D}.Release|Any CPU.Build.0 = Release|Any CPU
		{1F672748-A6F0-4B47-A1F0-CC582FB36580}.Debug|Any CPU.ActiveCfg = Debug|Any CPU
		{1F672748-A6F0-4B47-A1F0-CC582FB36580}.Debug|Any CPU.Build.0 = Debug|Any CPU
		{1F672748-A6F0-4B47-A1F0-CC582FB36580}.Release|Any CPU.ActiveCfg = Release|Any CPU
		{1F672748-A6F0-4B47-A1F0-CC582FB36580}.Release|Any CPU.Build.0 = Release|Any CPU
		{1E245FAB-9E61-47BD-95F7-1C461576F036}.Debug|Any CPU.ActiveCfg = Debug|Any CPU
		{1E245FAB-9E61-47BD-95F7-1C461576F036}.Debug|Any CPU.Build.0 = Debug|Any CPU
		{1E245FAB-9E61-47BD-95F7-1C461576F036}.Release|Any CPU.ActiveCfg = Release|Any CPU
		{1E245FAB-9E61-47BD-95F7-1C461576F036}.Release|Any CPU.Build.0 = Release|Any CPU
		{058A78CD-A9BA-4175-93CF-A6F552B7E794}.Debug|Any CPU.ActiveCfg = Debug|Any CPU
		{058A78CD-A9BA-4175-93CF-A6F552B7E794}.Debug|Any CPU.Build.0 = Debug|Any CPU
		{058A78CD-A9BA-4175-93CF-A6F552B7E794}.Release|Any CPU.ActiveCfg = Release|Any CPU
		{058A78CD-A9BA-4175-93CF-A6F552B7E794}.Release|Any CPU.Build.0 = Release|Any CPU
		{ADE7C1BF-F868-4422-A289-C1028DBF3FA5}.Debug|Any CPU.ActiveCfg = Debug|Any CPU
		{ADE7C1BF-F868-4422-A289-C1028DBF3FA5}.Debug|Any CPU.Build.0 = Debug|Any CPU
		{ADE7C1BF-F868-4422-A289-C1028DBF3FA5}.Release|Any CPU.ActiveCfg = Release|Any CPU
		{ADE7C1BF-F868-4422-A289-C1028DBF3FA5}.Release|Any CPU.Build.0 = Release|Any CPU
	EndGlobalSection
	GlobalSection(SolutionProperties) = preSolution
		HideSolutionNode = FALSE
	EndGlobalSection
	GlobalSection(ExtensibilityGlobals) = postSolution
		SolutionGuid = {45CBC3F8-6706-4D39-9F9E-F432BD657CE5}
	EndGlobalSection
EndGlobal
